
Microsoft Visual Studio Solution File, Format Version 12.00
# Visual Studio 15
VisualStudioVersion = 15.0.27703.2042
MinimumVisualStudioVersion = 10.0.40219.1
Project("{FAE04EC0-301F-11D3-BF4B-00C04F79EFBC}") = "TP4", "TP4\TP4.csproj", "{7D7E34BE-12CC-4713-BAE5-377C1149C259}"
EndProject
Global
	GlobalSection(SolutionConfigurationPlatforms) = preSolution
		Debug|Any CPU = Debug|Any CPU
		Release|Any CPU = Release|Any CPU
	EndGlobalSection
	GlobalSection(ProjectConfigurationPlatforms) = postSolution
		{7D7E34BE-12CC-4713-BAE5-377C1149C259}.Debug|Any CPU.ActiveCfg = Debug|Any CPU
		{7D7E34BE-12CC-4713-BAE5-377C1149C259}.Debug|Any CPU.Build.0 = Debug|Any CPU
		{7D7E34BE-12CC-4713-BAE5-377C1149C259}.Release|Any CPU.ActiveCfg = Release|Any CPU
		{7D7E34BE-12CC-4713-BAE5-377C1149C259}.Release|Any CPU.Build.0 = Release|Any CPU
	EndGlobalSection
	GlobalSection(SolutionProperties) = preSolution
		HideSolutionNode = FALSE
	EndGlobalSection
	GlobalSection(ExtensibilityGlobals) = postSolution
		SolutionGuid = {526BB1A6-4EA1-470B-8ECC-273014735ADC}
	EndGlobalSection
EndGlobal
